
Microsoft Visual Studio Solution File, Format Version 12.00
# Visual Studio Version 17
VisualStudioVersion = 17.5.33627.172
MinimumVisualStudioVersion = 10.0.40219.1
Project("{888888A0-9F3D-457C-B088-3A5042F75D52}") = "Логические и условные операторы. Задание 1", "Логические и условные операторы. Задание 1\Логические и условные операторы. Задание 1.pyproj", "{F1119F0A-7365-417B-9ABB-C01C54A27B05}"
EndProject
Global
	GlobalSection(SolutionConfigurationPlatforms) = preSolution
		Debug|Any CPU = Debug|Any CPU
		Release|Any CPU = Release|Any CPU
	EndGlobalSection
	GlobalSection(ProjectConfigurationPlatforms) = postSolution
		{F1119F0A-7365-417B-9ABB-C01C54A27B05}.Debug|Any CPU.ActiveCfg = Debug|Any CPU
		{F1119F0A-7365-417B-9ABB-C01C54A27B05}.Release|Any CPU.ActiveCfg = Release|Any CPU
	EndGlobalSection
	GlobalSection(SolutionProperties) = preSolution
		HideSolutionNode = FALSE
	EndGlobalSection
	GlobalSection(ExtensibilityGlobals) = postSolution
		SolutionGuid = {B358B48F-61C2-4B36-A818-A9DA8D335198}
	EndGlobalSection
EndGlobal
